
Microsoft Visual Studio Solution File, Format Version 12.00
# Visual Studio Version 17
VisualStudioVersion = 17.0.31912.275
MinimumVisualStudioVersion = 10.0.40219.1
Project("{FAE04EC0-301F-11D3-BF4B-00C04F79EFBC}") = "RUAP_LV4", "RUAP_LV4.csproj", "{19AB5579-AEF2-499F-97E7-F70260D3CEE1}"
EndProject
Global
	GlobalSection(SolutionConfigurationPlatforms) = preSolution
		Debug|Any CPU = Debug|Any CPU
		Release|Any CPU = Release|Any CPU
	EndGlobalSection
	GlobalSection(ProjectConfigurationPlatforms) = postSolution
		{19AB5579-AEF2-499F-97E7-F70260D3CEE1}.Debug|Any CPU.ActiveCfg = Debug|Any CPU
		{19AB5579-AEF2-499F-97E7-F70260D3CEE1}.Debug|Any CPU.Build.0 = Debug|Any CPU
		{19AB5579-AEF2-499F-97E7-F70260D3CEE1}.Release|Any CPU.ActiveCfg = Release|Any CPU
		{19AB5579-AEF2-499F-97E7-F70260D3CEE1}.Release|Any CPU.Build.0 = Release|Any CPU
	EndGlobalSection
	GlobalSection(SolutionProperties) = preSolution
		HideSolutionNode = FALSE
	EndGlobalSection
	GlobalSection(ExtensibilityGlobals) = postSolution
		SolutionGuid = {F56C5847-F443-4B7D-BFA5-B37686A01141}
	EndGlobalSection
EndGlobal
